
Microsoft Visual Studio Solution File, Format Version 12.00
# Visual Studio Version 17
VisualStudioVersion = 17.4.33403.182
MinimumVisualStudioVersion = 10.0.40219.1
Project("{9A19103F-16F7-4668-BE54-9A1E7A4F7556}") = "MaximalSum", "MaximalSum\MaximalSum.csproj", "{A1BA403B-BE25-4274-BD30-ECB5549BEDA8}"
EndProject
Project("{FAE04EC0-301F-11D3-BF4B-00C04F79EFBC}") = "UnitTests", "UnitTests\UnitTests.csproj", "{4A7F68B0-2DFC-401C-A782-A9BD08A2B3BC}"
EndProject
Global
	GlobalSection(SolutionConfigurationPlatforms) = preSolution
		Debug|Any CPU = Debug|Any CPU
		Release|Any CPU = Release|Any CPU
	EndGlobalSection
	GlobalSection(ProjectConfigurationPlatforms) = postSolution
		{A1BA403B-BE25-4274-BD30-ECB5549BEDA8}.Debug|Any CPU.ActiveCfg = Debug|Any CPU
		{A1BA403B-BE25-4274-BD30-ECB5549BEDA8}.Debug|Any CPU.Build.0 = Debug|Any CPU
		{A1BA403B-BE25-4274-BD30-ECB5549BEDA8}.Release|Any CPU.ActiveCfg = Release|Any CPU
		{A1BA403B-BE25-4274-BD30-ECB5549BEDA8}.Release|Any CPU.Build.0 = Release|Any CPU
		{4A7F68B0-2DFC-401C-A782-A9BD08A2B3BC}.Debug|Any CPU.ActiveCfg = Debug|Any CPU
		{4A7F68B0-2DFC-401C-A782-A9BD08A2B3BC}.Debug|Any CPU.Build.0 = Debug|Any CPU
		{4A7F68B0-2DFC-401C-A782-A9BD08A2B3BC}.Release|Any CPU.ActiveCfg = Release|Any CPU
		{4A7F68B0-2DFC-401C-A782-A9BD08A2B3BC}.Release|Any CPU.Build.0 = Release|Any CPU
	EndGlobalSection
	GlobalSection(SolutionProperties) = preSolution
		HideSolutionNode = FALSE
	EndGlobalSection
	GlobalSection(ExtensibilityGlobals) = postSolution
		SolutionGuid = {2E7E54BF-1A3F-47EA-BE50-84334C6AF0A6}
	EndGlobalSection
EndGlobal
